
Microsoft Visual Studio Solution File, Format Version 12.00
# Visual Studio 15
VisualStudioVersion = 15.0.28307.2092
MinimumVisualStudioVersion = 10.0.40219.1
Project("{FAE04EC0-301F-11D3-BF4B-00C04F79EFBC}") = "WebApplication7", "WebApplication7\WebApplication7.csproj", "{435730F8-97A2-415B-A5AB-B29AB77C6EF3}"
EndProject
Global
	GlobalSection(SolutionConfigurationPlatforms) = preSolution
		Debug|Any CPU = Debug|Any CPU
		Release|Any CPU = Release|Any CPU
	EndGlobalSection
	GlobalSection(ProjectConfigurationPlatforms) = postSolution
		{435730F8-97A2-415B-A5AB-B29AB77C6EF3}.Debug|Any CPU.ActiveCfg = Debug|Any CPU
		{435730F8-97A2-415B-A5AB-B29AB77C6EF3}.Debug|Any CPU.Build.0 = Debug|Any CPU
		{435730F8-97A2-415B-A5AB-B29AB77C6EF3}.Release|Any CPU.ActiveCfg = Release|Any CPU
		{435730F8-97A2-415B-A5AB-B29AB77C6EF3}.Release|Any CPU.Build.0 = Release|Any CPU
	EndGlobalSection
	GlobalSection(SolutionProperties) = preSolution
		HideSolutionNode = FALSE
	EndGlobalSection
	GlobalSection(ExtensibilityGlobals) = postSolution
		SolutionGuid = {7D4BC9F0-A572-4B0E-B009-5689B620EA5B}
	EndGlobalSection
EndGlobal
